
Microsoft Visual Studio Solution File, Format Version 12.00
# Visual Studio 15
VisualStudioVersion = 15.0.26124.0
MinimumVisualStudioVersion = 15.0.26124.0
Project("{2150E333-8FDC-42A3-9474-1A3956D46DE8}") = "src", "src", "{4F28C19E-2E5F-4EFA-8334-0A2D98E903FB}"
EndProject
Project("{FAE04EC0-301F-11D3-BF4B-00C04F79EFBC}") = "LocalDB.Cli", "src\LocalDB.Cli\LocalDB.Cli.csproj", "{92C275A2-1DB5-41A9-9BC4-DA389648B47C}"
EndProject
Global
	GlobalSection(SolutionConfigurationPlatforms) = preSolution
		Debug|Any CPU = Debug|Any CPU
		Debug|x64 = Debug|x64
		Debug|x86 = Debug|x86
		Release|Any CPU = Release|Any CPU
		Release|x64 = Release|x64
		Release|x86 = Release|x86
	EndGlobalSection
	GlobalSection(SolutionProperties) = preSolution
		HideSolutionNode = FALSE
	EndGlobalSection
	GlobalSection(ProjectConfigurationPlatforms) = postSolution
		{92C275A2-1DB5-41A9-9BC4-DA389648B47C}.Debug|Any CPU.ActiveCfg = Debug|Any CPU
		{92C275A2-1DB5-41A9-9BC4-DA389648B47C}.Debug|Any CPU.Build.0 = Debug|Any CPU
		{92C275A2-1DB5-41A9-9BC4-DA389648B47C}.Debug|x64.ActiveCfg = Debug|Any CPU
		{92C275A2-1DB5-41A9-9BC4-DA389648B47C}.Debug|x64.Build.0 = Debug|Any CPU
		{92C275A2-1DB5-41A9-9BC4-DA389648B47C}.Debug|x86.ActiveCfg = Debug|Any CPU
		{92C275A2-1DB5-41A9-9BC4-DA389648B47C}.Debug|x86.Build.0 = Debug|Any CPU
		{92C275A2-1DB5-41A9-9BC4-DA389648B47C}.Release|Any CPU.ActiveCfg = Release|Any CPU
		{92C275A2-1DB5-41A9-9BC4-DA389648B47C}.Release|Any CPU.Build.0 = Release|Any CPU
		{92C275A2-1DB5-41A9-9BC4-DA389648B47C}.Release|x64.ActiveCfg = Release|Any CPU
		{92C275A2-1DB5-41A9-9BC4-DA389648B47C}.Release|x64.Build.0 = Release|Any CPU
		{92C275A2-1DB5-41A9-9BC4-DA389648B47C}.Release|x86.ActiveCfg = Release|Any CPU
		{92C275A2-1DB5-41A9-9BC4-DA389648B47C}.Release|x86.Build.0 = Release|Any CPU
	EndGlobalSection
	GlobalSection(NestedProjects) = preSolution
		{92C275A2-1DB5-41A9-9BC4-DA389648B47C} = {4F28C19E-2E5F-4EFA-8334-0A2D98E903FB}
	EndGlobalSection
EndGlobal
